// !$*UTF8*$!
{
	archiveVersion = 1;
	classes = {
	};
	objectVersion = 46;
	objects = {

/* Begin PBXBuildFile section */
		6B76DFEE1D3D0ED100495495 /* AppDelegate.swift in Sources */ = {isa = PBXBuildFile; fileRef = 6B76DFED1D3D0ED100495495 /* AppDelegate.swift */; };
		6B76DFF01D3D0ED100495495 /* ViewController.swift in Sources */ = {isa = PBXBuildFile; fileRef = 6B76DFEF1D3D0ED100495495 /* ViewController.swift */; };
		6B76DFF31D3D0ED100495495 /* Main.storyboard in Resources */ = {isa = PBXBuildFile; fileRef = 6B76DFF11D3D0ED100495495 /* Main.storyboard */; };
		6B76DFF51D3D0ED100495495 /* Assets.xcassets in Resources */ = {isa = PBXBuildFile; fileRef = 6B76DFF41D3D0ED100495495 /* Assets.xcassets */; };
		6B76DFF81D3D0ED100495495 /* LaunchScreen.storyboard in Resources */ = {isa = PBXBuildFile; fileRef = 6B76DFF61D3D0ED100495495 /* LaunchScreen.storyboard */; };
		6B76E0001D3D0F4B00495495 /* CustomProgress.swift in Sources */ = {isa = PBXBuildFile; fileRef = 6B76DFFF1D3D0F4B00495495 /* CustomProgress.swift */; };
/* End PBXBuildFile section */

/* Begin PBXFileReference section */
		6B76DFEA1D3D0ED100495495 /* CustomProgress.app */ = {isa = PBXFileReference; explicitFileType = wrapper.application; includeInIndex = 0; path = CustomProgress.app; sourceTree = BUILT_PRODUCTS_DIR; };
		6B76DFED1D3D0ED100495495 /* AppDelegate.swift */ = {isa = PBXFileReference; lastKnownFileType = sourcecode.swift; path = AppDelegate.swift; sourceTree = "<group>"; };
		6B76DFEF1D3D0ED100495495 /* ViewController.swift */ = {isa = PBXFileReference; lastKnownFileType = sourcecode.swift; path = ViewController.swift; sourceTree = "<group>"; };
		6B76DFF21D3D0ED100495495 /* Base */ = {isa = PBXFileReference; lastKnownFileType = file.storyboard; name = Base; path = Base.lproj/Main.storyboard; sourceTree = "<group>"; };
		6B76DFF41D3D0ED100495495 /* Assets.xcassets */ = {isa = PBXFileReference; lastKnownFileType = folder.assetcatalog; path = Assets.xcassets; sourceTree = "<group>"; };
		6B76DFF71D3D0ED100495495 /* Base */ = {isa = PBXFileReference; lastKnownFileType = file.storyboard; name = Base; path = Base.lproj/LaunchScreen.storyboard; sourceTree = "<group>"; };
		6B76DFF91D3D0ED100495495 /* Info.plist */ = {isa = PBXFileReference; lastKnownFileType = text.plist.xml; path = Info.plist; sourceTree = "<group>"; };
		6B76DFFF1D3D0F4B00495495 /* CustomProgress.swift */ = {isa = PBXFileReference; fileEncoding = 4; lastKnownFileType = sourcecode.swift; path = CustomProgress.swift; sourceTree = "<group>"; };
/* End PBXFileReference section */

/* Begin PBXFrameworksBuildPhase section */
		6B76DFE71D3D0ED100495495 /* Frameworks */ = {
			isa = PBXFrameworksBuildPhase;
			buildActionMask = 2147483647;
			files = (
			);
			runOnlyForDeploymentPostprocessing = 0;
		};
/* End PBXFrameworksBuildPhase section */

/* Begin PBXGroup section */
		6B76DFE11D3D0ED100495495 = {
			isa = PBXGroup;
			children = (
				6B76DFEC1D3D0ED100495495 /* CustomProgress */,
				6B76DFEB1D3D0ED100495495 /* Products */,
			);
			sourceTree = "<group>";
		};
		6B76DFEB1D3D0ED100495495 /* Products */ = {
			isa = PBXGroup;
			children = (
				6B76DFEA1D3D0ED100495495 /* CustomProgress.app */,
			);
			name = Products;
			sourceTree = "<group>";
		};
		6B76DFEC1D3D0ED100495495 /* CustomProgress */ = {
			isa = PBXGroup;
			children = (
				6B76DFED1D3D0ED100495495 /* AppDelegate.swift */,
				6B76DFEF1D3D0ED100495495 /* ViewController.swift */,
				6B76DFFF1D3D0F4B00495495 /* CustomProgress.swift */,
				6B76DFF11D3D0ED100495495 /* Main.storyboard */,
				6B76DFF41D3D0ED100495495 /* Assets.xcassets */,
				6B76DFF61D3D0ED100495495 /* LaunchScreen.storyboard */,
				6B76DFF91D3D0ED100495495 /* Info.plist */,
			);
			path = CustomProgress;
			sourceTree = "<group>";
		};
/* End PBXGroup section */

/* Begin PBXNativeTarget section */
		6B76DFE91D3D0ED100495495 /* CustomProgress */ = {
			isa = PBXNativeTarget;
			buildConfigurationList = 6B76DFFC1D3D0ED100495495 /* Build configuration list for PBXNativeTarget "CustomProgress" */;
			buildPhases = (
				6B76DFE61D3D0ED100495495 /* Sources */,
				6B76DFE71D3D0ED100495495 /* Frameworks */,
				6B76DFE81D3D0ED100495495 /* Resources */,
			);
			buildRules = (
			);
			dependencies = (
			);
			name = CustomProgress;
			productName = CustomProgress;
			productReference = 6B76DFEA1D3D0ED100495495 /* CustomProgress.app */;
			productType = "com.apple.product-type.application";
		};
/* End PBXNativeTarget section */

/* Begin PBXProject section */
		6B76DFE21D3D0ED100495495 /* Project object */ = {
			isa = PBXProject;
			attributes = {
				LastSwiftUpdateCheck = 0730;
				LastUpgradeCheck = 1010;
				ORGANIZATIONNAME = LC;
				TargetAttributes = {
					6B76DFE91D3D0ED100495495 = {
						CreatedOnToolsVersion = 7.3.1;
						LastSwiftMigration = 1010;
					};
				};
			};
			buildConfigurationList = 6B76DFE51D3D0ED100495495 /* Build configuration list for PBXProject "CustomProgress" */;
			compatibilityVersion = "Xcode 3.2";
			developmentRegion = English;
			hasScannedForEncodings = 0;
			knownRegions = (
				en,
				Base,
			);
			mainGroup = 6B76DFE11D3D0ED100495495;
			productRefGroup = 6B76DFEB1D3D0ED100495495 /* Products */;
			projectDirPath = "";
			projectRoot = "";
			targets = (
				6B76DFE91D3D0ED100495495 /* CustomProgress */,
			);
		};
/* End PBXProject section */

/* Begin PBXResourcesBuildPhase section */
		6B76DFE81D3D0ED100495495 /* Resources */ = {
			isa = PBXResourcesBuildPhase;
			buildActionMask = 2147483647;
			files = (
				6B76DFF81D3D0ED100495495 /* LaunchScreen.storyboard in Resources */,
				6B76DFF51D3D0ED100495495 /* Assets.xcassets in Resources */,
				6B76DFF31D3D0ED100495495 /* Main.storyboard in Resources */,
			);
			runOnlyForDeploymentPostprocessing = 0;
		};
/* End PBXResourcesBuildPhase section */

/* Begin PBXSourcesBuildPhase section */
		6B76DFE61D3D0ED100495495 /* Sources */ = {
			isa = PBXSourcesBuildPhase;
			buildActionMask = 2147483647;
			files = (
				6B76E0001D3D0F4B00495495 /* CustomProgress.swift in Sources */,
				6B76DFF01D3D0ED100495495 /* ViewController.swift in Sources */,
				6B76DFEE1D3D0ED100495495 /* AppDelegate.swift in Sources */,
			);
			runOnlyForDeploymentPostprocessing = 0;
		};
/* End PBXSourcesBuildPhase section */

/* Begin PBXVariantGroup section */
		6B76DFF11D3D0ED100495495 /* Main.storyboard */ = {
			isa = PBXVariantGroup;
			children = (
				6B76DFF21D3D0ED100495495 /* Base */,
			);
			name = Main.storyboard;
			sourceTree = "<group>";
		};
		6B76DFF61D3D0ED100495495 /* LaunchScreen.storyboard */ = {
			isa = PBXVariantGroup;
			children = (
				6B76DFF71D3D0ED100495495 /* Base */,
			);
			name = LaunchScreen.storyboard;
			sourceTree = "<group>";
		};
/* End PBXVariantGroup section */

/* Begin XCBuildConfiguration section */
		6B76DFFA1D3D0ED100495495 /* Debug */ = {
			isa = XCBuildConfiguration;
			buildSettings = {
				ALWAYS_SEARCH_USER_PATHS = NO;
				CLANG_ANALYZER_NONNULL = YES;
				CLANG_CXX_LANGUAGE_STANDARD = "gnu++0x";
				CLANG_CXX_LIBRARY = "libc++";
				CLANG_ENABLE_MODULES = YES;
				CLANG_ENABLE_OBJC_ARC = YES;
				CLANG_WARN_BLOCK_CAPTURE_AUTORELEASING = YES;
				CLANG_WARN_BOOL_CONVERSION = YES;
				CLANG_WARN_COMMA = YES;
				CLANG_WARN_CONSTANT_CONVERSION = YES;
				CLANG_WARN_DEPRECATED_OBJC_IMPLEMENTATIONS = YES;
				CLANG_WARN_DIRECT_OBJC_ISA_USAGE = YES_ERROR;
				CLANG_WARN_EMPTY_BODY = YES;
				CLANG_WARN_ENUM_CONVERSION = YES;
				CLANG_WARN_INFINITE_RECURSION = YES;
				CLANG_WARN_INT_CONVERSION = YES;
				CLANG_WARN_NON_LITERAL_NULL_CONVERSION = YES;
				CLANG_WARN_OBJC_IMPLICIT_RETAIN_SELF = YES;
				CLANG_WARN_OBJC_LITERAL_CONVERSION = YES;
				CLANG_WARN_OBJC_ROOT_CLASS = YES_ERROR;
				CLANG_WARN_RANGE_LOOP_ANALYSIS = YES;
				CLANG_WARN_STRICT_PROTOTYPES = YES;
				CLANG_WARN_SUSPICIOUS_MOVE = YES;
				CLANG_WARN_UNREACHABLE_CODE = YES;
				CLANG_WARN__DUPLICATE_METHOD_MATCH = YES;
				"CODE_SIGN_IDENTITY[sdk=iphoneos*]" = "iPhone Developer";
				COPY_PHASE_STRIP = NO;
				DEBUG_INFORMATION_FORMAT = dwarf;
				ENABLE_STRICT_OBJC_MSGSEND = YES;
				ENABLE_TESTABILITY = YES;
				GCC_C_LANGUAGE_STANDARD = gnu99;
				GCC_DYNAMIC_NO_PIC = NO;
				GCC_NO_COMMON_BLOCKS = YES;
				GCC_OPTIMIZATION_LEVEL = 0;
				GCC_PREPROCESSOR_DEFINITIONS = (
					"DEBUG=1",
					"$(inherited)",
				);
				GCC_WARN_64_TO_32_BIT_CONVERSION = YES;
				GCC_WARN_ABOUT_RETURN_TYPE = YES_ERROR;
				GCC_WARN_UNDECLARED_SELECTOR = YES;
				GCC_WARN_UNINITIALIZED_AUTOS = YES_AGGRESSIVE;
				GCC_WARN_UNUSED_FUNCTION = YES;
				GCC_WARN_UNUSED_VARIABLE = YES;
				IPHONEOS_DEPLOYMENT_TARGET = 12.1;
				MTL_ENABLE_DEBUG_INFO = YES;
				ONLY_ACTIVE_ARCH = YES;
				SDKROOT = iphoneos;
				SWIFT_OPTIMIZATION_LEVEL = "-Onone";
				SWIFT_VERSION = 4.2;
			};
			name = Debug;
		};
		6B76DFFB1D3D0ED100495495 /* Release */ = {
			isa = XCBuildConfiguration;
			buildSettings = {
				ALWAYS_SEARCH_USER_PATHS = NO;
				CLANG_ANALYZER_NONNULL = YES;
				CLANG_CXX_LANGUAGE_STANDARD = "gnu++0x";
				CLANG_CXX_LIBRARY = "libc++";
				CLANG_ENABLE_MODULES = YES;
				CLANG_ENABLE_OBJC_ARC = YES;
				CLANG_WARN_BLOCK_CAPTURE_AUTORELEASING = YES;
				CLANG_WARN_BOOL_CONVERSION = YES;
				CLANG_WARN_COMMA = YES;
				CLANG_WARN_CONSTANT_CONVERSION = YES;
				CLANG_WARN_DEPRECATED_OBJC_IMPLEMENTATIONS = YES;
				CLANG_WARN_DIRECT_OBJC_ISA_USAGE = YES_ERROR;
				CLANG_WARN_EMPTY_BODY = YES;
				CLANG_WARN_ENUM_CONVERSION = YES;
				CLANG_WARN_INFINITE_RECURSION = YES;
				CLANG_WARN_INT_CONVERSION = YES;
				CLANG_WARN_NON_LITERAL_NULL_CONVERSION = YES;
				CLANG_WARN_OBJC_IMPLICIT_RETAIN_SELF = YES;
				CLANG_WARN_OBJC_LITERAL_CONVERSION = YES;
				CLANG_WARN_OBJC_ROOT_CLASS = YES_ERROR;
				CLANG_WARN_RANGE_LOOP_ANALYSIS = YES;
				CLANG_WARN_STRICT_PROTOTYPES = YES;
				CLANG_WARN_SUSPICIOUS_MOVE = YES;
				CLANG_WARN_UNREACHABLE_CODE = YES;
				CLANG_WARN__DUPLICATE_METHOD_MATCH = YES;
				"CODE_SIGN_IDENTITY[sdk=iphoneos*]" = "iPhone Developer";
				COPY_PHASE_STRIP = NO;
				DEBUG_INFORMATION_FORMAT = "dwarf-with-dsym";
				ENABLE_NS_ASSERTIONS = NO;
				ENABLE_STRICT_OBJC_MSGSEND = YES;
				GCC_C_LANGUAGE_STANDARD = gnu99;
				GCC_NO_COMMON_BLOCKS = YES;
				GCC_WARN_64_TO_32_BIT_CONVERSION = YES;
				GCC_WARN_ABOUT_RETURN_TYPE = YES_ERROR;
				GCC_WARN_UNDECLARED_SELECTOR = YES;
				GCC_WARN_UNINITIALIZED_AUTOS = YES_AGGRESSIVE;
				GCC_WARN_UNUSED_FUNCTION = YES;
				GCC_WARN_UNUSED_VARIABLE = YES;
				IPHONEOS_DEPLOYMENT_TARGET = 12.1;
				MTL_ENABLE_DEBUG_INFO = NO;
				SDKROOT = iphoneos;
				SWIFT_OPTIMIZATION_LEVEL = "-Owholemodule";
				SWIFT_VERSION = 4.2;
				VALIDATE_PRODUCT = YES;
			};
			name = Release;
		};
		6B76DFFD1D3D0ED100495495 /* Debug */ = {
			isa = XCBuildConfiguration;
			buildSettings = {
				ASSETCATALOG_COMPILER_APPICON_NAME = AppIcon;
				CODE_SIGN_IDENTITY = "iPhone Developer";
				INFOPLIST_FILE = CustomProgress/Info.plist;
				LD_RUNPATH_SEARCH_PATHS = "$(inherited) @executable_path/Frameworks";
				PRODUCT_BUNDLE_IDENTIFIER = com.LC.CustomProgress;
				PRODUCT_NAME = "$(TARGET_NAME)";
				SWIFT_SWIFT3_OBJC_INFERENCE = Default;
				SWIFT_VERSION = 4.2;
			};
			name = Debug;
		};
		6B76DFFE1D3D0ED100495495 /* Release */ = {
			isa = XCBuildConfiguration;
			buildSettings = {
				ASSETCATALOG_COMPILER_APPICON_NAME = AppIcon;
				CODE_SIGN_IDENTITY = "iPhone Developer";
				INFOPLIST_FILE = CustomProgress/Info.plist;
				LD_RUNPATH_SEARCH_PATHS = "$(inherited) @executable_path/Frameworks";
				PRODUCT_BUNDLE_IDENTIFIER = com.LC.CustomProgress;
				PRODUCT_NAME = "$(TARGET_NAME)";
				SWIFT_SWIFT3_OBJC_INFERENCE = Default;
				SWIFT_VERSION = 4.2;
			};
			name = Release;
		};
/* End XCBuildConfiguration section */

/* Begin XCConfigurationList section */
		6B76DFE51D3D0ED100495495 /* Build configuration list for PBXProject "CustomProgress" */ = {
			isa = XCConfigurationList;
			buildConfigurations = (
				6B76DFFA1D3D0ED100495495 /* Debug */,
				6B76DFFB1D3D0ED100495495 /* Release */,
			);
			defaultConfigurationIsVisible = 0;
			defaultConfigurationName = Release;
		};
		6B76DFFC1D3D0ED100495495 /* Build configuration list for PBXNativeTarget "CustomProgress" */ = {
			isa = XCConfigurationList;
			buildConfigurations = (
				6B76DFFD1D3D0ED100495495 /* Debug */,
				6B76DFFE1D3D0ED100495495 /* Release */,
			);
			defaultConfigurationIsVisible = 0;
			defaultConfigurationName = Release;
		};
/* End XCConfigurationList section */
	};
	rootObject = 6B76DFE21D3D0ED100495495 /* Project object */;
}
